
Microsoft Visual Studio Solution File, Format Version 12.00
# Visual Studio Version 17
VisualStudioVersion = 17.3.32819.101
MinimumVisualStudioVersion = 10.0.40219.1
Project("{9A19103F-16F7-4668-BE54-9A1E7A4F7556}") = "SimulatedAnnealing", "SimulatedAnnealing\SimulatedAnnealing.csproj", "{ADDEC054-E02B-4A5B-A40A-2B5F905841E9}"
EndProject
Project("{FAE04EC0-301F-11D3-BF4B-00C04F79EFBC}") = "AnnealingWinForm", "AnnealingWinForm\AnnealingWinForm.csproj", "{BD720310-0F30-4054-8BF6-3F90FB1AF957}"
EndProject
Global
	GlobalSection(SolutionConfigurationPlatforms) = preSolution
		Debug|Any CPU = Debug|Any CPU
		Release|Any CPU = Release|Any CPU
	EndGlobalSection
	GlobalSection(ProjectConfigurationPlatforms) = postSolution
		{ADDEC054-E02B-4A5B-A40A-2B5F905841E9}.Debug|Any CPU.ActiveCfg = Debug|Any CPU
		{ADDEC054-E02B-4A5B-A40A-2B5F905841E9}.Debug|Any CPU.Build.0 = Debug|Any CPU
		{ADDEC054-E02B-4A5B-A40A-2B5F905841E9}.Release|Any CPU.ActiveCfg = Release|Any CPU
		{ADDEC054-E02B-4A5B-A40A-2B5F905841E9}.Release|Any CPU.Build.0 = Release|Any CPU
		{BD720310-0F30-4054-8BF6-3F90FB1AF957}.Debug|Any CPU.ActiveCfg = Debug|Any CPU
		{BD720310-0F30-4054-8BF6-3F90FB1AF957}.Debug|Any CPU.Build.0 = Debug|Any CPU
		{BD720310-0F30-4054-8BF6-3F90FB1AF957}.Release|Any CPU.ActiveCfg = Release|Any CPU
		{BD720310-0F30-4054-8BF6-3F90FB1AF957}.Release|Any CPU.Build.0 = Release|Any CPU
	EndGlobalSection
	GlobalSection(SolutionProperties) = preSolution
		HideSolutionNode = FALSE
	EndGlobalSection
	GlobalSection(ExtensibilityGlobals) = postSolution
		SolutionGuid = {A869D919-CBCA-488C-BBAC-18680C8C3305}
	EndGlobalSection
EndGlobal
